// !$*UTF8*$!
{
	archiveVersion = 1;
	classes = {
	};
	objectVersion = 46;
	objects = {

/* Begin PBXBuildFile section */
		82CA5D021B4F653700E5FB2E /* AppDelegate.swift in Sources */ = {isa = PBXBuildFile; fileRef = 82CA5D011B4F653700E5FB2E /* AppDelegate.swift */; };
		82CA5D041B4F653700E5FB2E /* ViewController.swift in Sources */ = {isa = PBXBuildFile; fileRef = 82CA5D031B4F653700E5FB2E /* ViewController.swift */; };
		82CA5D071B4F653700E5FB2E /* Main.storyboard in Resources */ = {isa = PBXBuildFile; fileRef = 82CA5D051B4F653700E5FB2E /* Main.storyboard */; };
		82CA5D091B4F653700E5FB2E /* Images.xcassets in Resources */ = {isa = PBXBuildFile; fileRef = 82CA5D081B4F653700E5FB2E /* Images.xcassets */; };
		82CA5D0C1B4F653700E5FB2E /* LaunchScreen.xib in Resources */ = {isa = PBXBuildFile; fileRef = 82CA5D0A1B4F653700E5FB2E /* LaunchScreen.xib */; };
		82CA5D181B4F653700E5FB2E /* ShakeAndSwipeTests.swift in Sources */ = {isa = PBXBuildFile; fileRef = 82CA5D171B4F653700E5FB2E /* ShakeAndSwipeTests.swift */; };
/* End PBXBuildFile section */

/* Begin PBXContainerItemProxy section */
		82CA5D121B4F653700E5FB2E /* PBXContainerItemProxy */ = {
			isa = PBXContainerItemProxy;
			containerPortal = 82CA5CF41B4F653700E5FB2E /* Project object */;
			proxyType = 1;
			remoteGlobalIDString = 82CA5CFB1B4F653700E5FB2E;
			remoteInfo = ShakeAndSwipe;
		};
/* End PBXContainerItemProxy section */

/* Begin PBXFileReference section */
		82CA5CFC1B4F653700E5FB2E /* ShakeAndSwipe.app */ = {isa = PBXFileReference; explicitFileType = wrapper.application; includeInIndex = 0; path = ShakeAndSwipe.app; sourceTree = BUILT_PRODUCTS_DIR; };
		82CA5D001B4F653700E5FB2E /* Info.plist */ = {isa = PBXFileReference; lastKnownFileType = text.plist.xml; path = Info.plist; sourceTree = "<group>"; };
		82CA5D011B4F653700E5FB2E /* AppDelegate.swift */ = {isa = PBXFileReference; lastKnownFileType = sourcecode.swift; path = AppDelegate.swift; sourceTree = "<group>"; };
		82CA5D031B4F653700E5FB2E /* ViewController.swift */ = {isa = PBXFileReference; lastKnownFileType = sourcecode.swift; path = ViewController.swift; sourceTree = "<group>"; };
		82CA5D061B4F653700E5FB2E /* Base */ = {isa = PBXFileReference; lastKnownFileType = file.storyboard; name = Base; path = Base.lproj/Main.storyboard; sourceTree = "<group>"; };
		82CA5D081B4F653700E5FB2E /* Images.xcassets */ = {isa = PBXFileReference; lastKnownFileType = folder.assetcatalog; path = Images.xcassets; sourceTree = "<group>"; };
		82CA5D0B1B4F653700E5FB2E /* Base */ = {isa = PBXFileReference; lastKnownFileType = file.xib; name = Base; path = Base.lproj/LaunchScreen.xib; sourceTree = "<group>"; };
		82CA5D111B4F653700E5FB2E /* ShakeAndSwipeTests.xctest */ = {isa = PBXFileReference; explicitFileType = wrapper.cfbundle; includeInIndex = 0; path = ShakeAndSwipeTests.xctest; sourceTree = BUILT_PRODUCTS_DIR; };
		82CA5D161B4F653700E5FB2E /* Info.plist */ = {isa = PBXFileReference; lastKnownFileType = text.plist.xml; path = Info.plist; sourceTree = "<group>"; };
		82CA5D171B4F653700E5FB2E /* ShakeAndSwipeTests.swift */ = {isa = PBXFileReference; lastKnownFileType = sourcecode.swift; path = ShakeAndSwipeTests.swift; sourceTree = "<group>"; };
/* End PBXFileReference section */

/* Begin PBXFrameworksBuildPhase section */
		82CA5CF91B4F653700E5FB2E /* Frameworks */ = {
			isa = PBXFrameworksBuildPhase;
			buildActionMask = 2147483647;
			files = (
			);
			runOnlyForDeploymentPostprocessing = 0;
		};
		82CA5D0E1B4F653700E5FB2E /* Frameworks */ = {
			isa = PBXFrameworksBuildPhase;
			buildActionMask = 2147483647;
			files = (
			);
			runOnlyForDeploymentPostprocessing = 0;
		};
/* End PBXFrameworksBuildPhase section */

/* Begin PBXGroup section */
		82CA5CF31B4F653700E5FB2E = {
			isa = PBXGroup;
			children = (
				82CA5CFE1B4F653700E5FB2E /* ShakeAndSwipe */,
				82CA5D141B4F653700E5FB2E /* ShakeAndSwipeTests */,
				82CA5CFD1B4F653700E5FB2E /* Products */,
			);
			sourceTree = "<group>";
		};
		82CA5CFD1B4F653700E5FB2E /* Products */ = {
			isa = PBXGroup;
			children = (
				82CA5CFC1B4F653700E5FB2E /* ShakeAndSwipe.app */,
				82CA5D111B4F653700E5FB2E /* ShakeAndSwipeTests.xctest */,
			);
			name = Products;
			sourceTree = "<group>";
		};
		82CA5CFE1B4F653700E5FB2E /* ShakeAndSwipe */ = {
			isa = PBXGroup;
			children = (
				82CA5D011B4F653700E5FB2E /* AppDelegate.swift */,
				82CA5D031B4F653700E5FB2E /* ViewController.swift */,
				82CA5D051B4F653700E5FB2E /* Main.storyboard */,
				82CA5D081B4F653700E5FB2E /* Images.xcassets */,
				82CA5D0A1B4F653700E5FB2E /* LaunchScreen.xib */,
				82CA5CFF1B4F653700E5FB2E /* Supporting Files */,
			);
			path = ShakeAndSwipe;
			sourceTree = "<group>";
		};
		82CA5CFF1B4F653700E5FB2E /* Supporting Files */ = {
			isa = PBXGroup;
			children = (
				82CA5D001B4F653700E5FB2E /* Info.plist */,
			);
			name = "Supporting Files";
			sourceTree = "<group>";
		};
		82CA5D141B4F653700E5FB2E /* ShakeAndSwipeTests */ = {
			isa = PBXGroup;
			children = (
				82CA5D171B4F653700E5FB2E /* ShakeAndSwipeTests.swift */,
				82CA5D151B4F653700E5FB2E /* Supporting Files */,
			);
			path = ShakeAndSwipeTests;
			sourceTree = "<group>";
		};
		82CA5D151B4F653700E5FB2E /* Supporting Files */ = {
			isa = PBXGroup;
			children = (
				82CA5D161B4F653700E5FB2E /* Info.plist */,
			);
			name = "Supporting Files";
			sourceTree = "<group>";
		};
/* End PBXGroup section */

/* Begin PBXNativeTarget section */
		82CA5CFB1B4F653700E5FB2E /* ShakeAndSwipe */ = {
			isa = PBXNativeTarget;
			buildConfigurationList = 82CA5D1B1B4F653700E5FB2E /* Build configuration list for PBXNativeTarget "ShakeAndSwipe" */;
			buildPhases = (
				82CA5CF81B4F653700E5FB2E /* Sources */,
				82CA5CF91B4F653700E5FB2E /* Frameworks */,
				82CA5CFA1B4F653700E5FB2E /* Resources */,
			);
			buildRules = (
			);
			dependencies = (
			);
			name = ShakeAndSwipe;
			productName = ShakeAndSwipe;
			productReference = 82CA5CFC1B4F653700E5FB2E /* ShakeAndSwipe.app */;
			productType = "com.apple.product-type.application";
		};
		82CA5D101B4F653700E5FB2E /* ShakeAndSwipeTests */ = {
			isa = PBXNativeTarget;
			buildConfigurationList = 82CA5D1E1B4F653700E5FB2E /* Build configuration list for PBXNativeTarget "ShakeAndSwipeTests" */;
			buildPhases = (
				82CA5D0D1B4F653700E5FB2E /* Sources */,
				82CA5D0E1B4F653700E5FB2E /* Frameworks */,
				82CA5D0F1B4F653700E5FB2E /* Resources */,
			);
			buildRules = (
			);
			dependencies = (
				82CA5D131B4F653700E5FB2E /* PBXTargetDependency */,
			);
			name = ShakeAndSwipeTests;
			productName = ShakeAndSwipeTests;
			productReference = 82CA5D111B4F653700E5FB2E /* ShakeAndSwipeTests.xctest */;
			productType = "com.apple.product-type.bundle.unit-test";
		};
/* End PBXNativeTarget section */

/* Begin PBXProject section */
		82CA5CF41B4F653700E5FB2E /* Project object */ = {
			isa = PBXProject;
			attributes = {
				LastUpgradeCheck = 0640;
				ORGANIZATIONNAME = "___GRCS___";
				TargetAttributes = {
					82CA5CFB1B4F653700E5FB2E = {
						CreatedOnToolsVersion = 6.4;
					};
					82CA5D101B4F653700E5FB2E = {
						CreatedOnToolsVersion = 6.4;
						TestTargetID = 82CA5CFB1B4F653700E5FB2E;
					};
				};
			};
			buildConfigurationList = 82CA5CF71B4F653700E5FB2E /* Build configuration list for PBXProject "ShakeAndSwipe" */;
			compatibilityVersion = "Xcode 3.2";
			developmentRegion = English;
			hasScannedForEncodings = 0;
			knownRegions = (
				en,
				Base,
			);
			mainGroup = 82CA5CF31B4F653700E5FB2E;
			productRefGroup = 82CA5CFD1B4F653700E5FB2E /* Products */;
			projectDirPath = "";
			projectRoot = "";
			targets = (
				82CA5CFB1B4F653700E5FB2E /* ShakeAndSwipe */,
				82CA5D101B4F653700E5FB2E /* ShakeAndSwipeTests */,
			);
		};
/* End PBXProject section */

/* Begin PBXResourcesBuildPhase section */
		82CA5CFA1B4F653700E5FB2E /* Resources */ = {
			isa = PBXResourcesBuildPhase;
			buildActionMask = 2147483647;
			files = (
				82CA5D071B4F653700E5FB2E /* Main.storyboard in Resources */,
				82CA5D0C1B4F653700E5FB2E /* LaunchScreen.xib in Resources */,
				82CA5D091B4F653700E5FB2E /* Images.xcassets in Resources */,
			);
			runOnlyForDeploymentPostprocessing = 0;
		};
		82CA5D0F1B4F653700E5FB2E /* Resources */ = {
			isa = PBXResourcesBuildPhase;
			buildActionMask = 2147483647;
			files = (
			);
			runOnlyForDeploymentPostprocessing = 0;
		};
/* End PBXResourcesBuildPhase section */

/* Begin PBXSourcesBuildPhase section */
		82CA5CF81B4F653700E5FB2E /* Sources */ = {
			isa = PBXSourcesBuildPhase;
			buildActionMask = 2147483647;
			files = (
				82CA5D041B4F653700E5FB2E /* ViewController.swift in Sources */,
				82CA5D021B4F653700E5FB2E /* AppDelegate.swift in Sources */,
			);
			runOnlyForDeploymentPostprocessing = 0;
		};
		82CA5D0D1B4F653700E5FB2E /* Sources */ = {
			isa = PBXSourcesBuildPhase;
			buildActionMask = 2147483647;
			files = (
				82CA5D181B4F653700E5FB2E /* ShakeAndSwipeTests.swift in Sources */,
			);
			runOnlyForDeploymentPostprocessing = 0;
		};
/* End PBXSourcesBuildPhase section */

/* Begin PBXTargetDependency section */
		82CA5D131B4F653700E5FB2E /* PBXTargetDependency */ = {
			isa = PBXTargetDependency;
			target = 82CA5CFB1B4F653700E5FB2E /* ShakeAndSwipe */;
			targetProxy = 82CA5D121B4F653700E5FB2E /* PBXContainerItemProxy */;
		};
/* End PBXTargetDependency section */

/* Begin PBXVariantGroup section */
		82CA5D051B4F653700E5FB2E /* Main.storyboard */ = {
			isa = PBXVariantGroup;
			children = (
				82CA5D061B4F653700E5FB2E /* Base */,
			);
			name = Main.storyboard;
			sourceTree = "<group>";
		};
		82CA5D0A1B4F653700E5FB2E /* LaunchScreen.xib */ = {
			isa = PBXVariantGroup;
			children = (
				82CA5D0B1B4F653700E5FB2E /* Base */,
			);
			name = LaunchScreen.xib;
			sourceTree = "<group>";
		};
/* End PBXVariantGroup section */

/* Begin XCBuildConfiguration section */
		82CA5D191B4F653700E5FB2E /* Debug */ = {
			isa = XCBuildConfiguration;
			buildSettings = {
				ALWAYS_SEARCH_USER_PATHS = NO;
				CLANG_CXX_LANGUAGE_STANDARD = "gnu++0x";
				CLANG_CXX_LIBRARY = "libc++";
				CLANG_ENABLE_MODULES = YES;
				CLANG_ENABLE_OBJC_ARC = YES;
				CLANG_WARN_BOOL_CONVERSION = YES;
				CLANG_WARN_CONSTANT_CONVERSION = YES;
				CLANG_WARN_DIRECT_OBJC_ISA_USAGE = YES_ERROR;
				CLANG_WARN_EMPTY_BODY = YES;
				CLANG_WARN_ENUM_CONVERSION = YES;
				CLANG_WARN_INT_CONVERSION = YES;
				CLANG_WARN_OBJC_ROOT_CLASS = YES_ERROR;
				CLANG_WARN_UNREACHABLE_CODE = YES;
				CLANG_WARN__DUPLICATE_METHOD_MATCH = YES;
				"CODE_SIGN_IDENTITY[sdk=iphoneos*]" = "iPhone Developer";
				COPY_PHASE_STRIP = NO;
				DEBUG_INFORMATION_FORMAT = "dwarf-with-dsym";
				ENABLE_STRICT_OBJC_MSGSEND = YES;
				GCC_C_LANGUAGE_STANDARD = gnu99;
				GCC_DYNAMIC_NO_PIC = NO;
				GCC_NO_COMMON_BLOCKS = YES;
				GCC_OPTIMIZATION_LEVEL = 0;
				GCC_PREPROCESSOR_DEFINITIONS = (
					"DEBUG=1",
					"$(inherited)",
				);
				GCC_SYMBOLS_PRIVATE_EXTERN = NO;
				GCC_WARN_64_TO_32_BIT_CONVERSION = YES;
				GCC_WARN_ABOUT_RETURN_TYPE = YES_ERROR;
				GCC_WARN_UNDECLARED_SELECTOR = YES;
				GCC_WARN_UNINITIALIZED_AUTOS = YES_AGGRESSIVE;
				GCC_WARN_UNUSED_FUNCTION = YES;
				GCC_WARN_UNUSED_VARIABLE = YES;
				IPHONEOS_DEPLOYMENT_TARGET = 8.4;
				MTL_ENABLE_DEBUG_INFO = YES;
				ONLY_ACTIVE_ARCH = YES;
				SDKROOT = iphoneos;
				SWIFT_OPTIMIZATION_LEVEL = "-Onone";
			};
			name = Debug;
		};
		82CA5D1A1B4F653700E5FB2E /* Release */ = {
			isa = XCBuildConfiguration;
			buildSettings = {
				ALWAYS_SEARCH_USER_PATHS = NO;
				CLANG_CXX_LANGUAGE_STANDARD = "gnu++0x";
				CLANG_CXX_LIBRARY = "libc++";
				CLANG_ENABLE_MODULES = YES;
				CLANG_ENABLE_OBJC_ARC = YES;
				CLANG_WARN_BOOL_CONVERSION = YES;
				CLANG_WARN_CONSTANT_CONVERSION = YES;
				CLANG_WARN_DIRECT_OBJC_ISA_USAGE = YES_ERROR;
				CLANG_WARN_EMPTY_BODY = YES;
				CLANG_WARN_ENUM_CONVERSION = YES;
				CLANG_WARN_INT_CONVERSION = YES;
				CLANG_WARN_OBJC_ROOT_CLASS = YES_ERROR;
				CLANG_WARN_UNREACHABLE_CODE = YES;
				CLANG_WARN__DUPLICATE_METHOD_MATCH = YES;
				"CODE_SIGN_IDENTITY[sdk=iphoneos*]" = "iPhone Developer";
				COPY_PHASE_STRIP = NO;
				DEBUG_INFORMATION_FORMAT = "dwarf-with-dsym";
				ENABLE_NS_ASSERTIONS = NO;
				ENABLE_STRICT_OBJC_MSGSEND = YES;
				GCC_C_LANGUAGE_STANDARD = gnu99;
				GCC_NO_COMMON_BLOCKS = YES;
				GCC_WARN_64_TO_32_BIT_CONVERSION = YES;
				GCC_WARN_ABOUT_RETURN_TYPE = YES_ERROR;
				GCC_WARN_UNDECLARED_SELECTOR = YES;
				GCC_WARN_UNINITIALIZED_AUTOS = YES_AGGRESSIVE;
				GCC_WARN_UNUSED_FUNCTION = YES;
				GCC_WARN_UNUSED_VARIABLE = YES;
				IPHONEOS_DEPLOYMENT_TARGET = 8.4;
				MTL_ENABLE_DEBUG_INFO = NO;
				SDKROOT = iphoneos;
				VALIDATE_PRODUCT = YES;
			};
			name = Release;
		};
		82CA5D1C1B4F653700E5FB2E /* Debug */ = {
			isa = XCBuildConfiguration;
			buildSettings = {
				ASSETCATALOG_COMPILER_APPICON_NAME = AppIcon;
				INFOPLIST_FILE = ShakeAndSwipe/Info.plist;
				LD_RUNPATH_SEARCH_PATHS = "$(inherited) @executable_path/Frameworks";
				PRODUCT_NAME = "$(TARGET_NAME)";
			};
			name = Debug;
		};
		82CA5D1D1B4F653700E5FB2E /* Release */ = {
			isa = XCBuildConfiguration;
			buildSettings = {
				ASSETCATALOG_COMPILER_APPICON_NAME = AppIcon;
				INFOPLIST_FILE = ShakeAndSwipe/Info.plist;
				LD_RUNPATH_SEARCH_PATHS = "$(inherited) @executable_path/Frameworks";
				PRODUCT_NAME = "$(TARGET_NAME)";
			};
			name = Release;
		};
		82CA5D1F1B4F653700E5FB2E /* Debug */ = {
			isa = XCBuildConfiguration;
			buildSettings = {
				BUNDLE_LOADER = "$(TEST_HOST)";
				FRAMEWORK_SEARCH_PATHS = (
					"$(SDKROOT)/Developer/Library/Frameworks",
					"$(inherited)",
				);
				GCC_PREPROCESSOR_DEFINITIONS = (
					"DEBUG=1",
					"$(inherited)",
				);
				INFOPLIST_FILE = ShakeAndSwipeTests/Info.plist;
				LD_RUNPATH_SEARCH_PATHS = "$(inherited) @executable_path/Frameworks @loader_path/Frameworks";
				PRODUCT_NAME = "$(TARGET_NAME)";
				TEST_HOST = "$(BUILT_PRODUCTS_DIR)/ShakeAndSwipe.app/ShakeAndSwipe";
			};
			name = Debug;
		};
		82CA5D201B4F653700E5FB2E /* Release */ = {
			isa = XCBuildConfiguration;
			buildSettings = {
				BUNDLE_LOADER = "$(TEST_HOST)";
				FRAMEWORK_SEARCH_PATHS = (
					"$(SDKROOT)/Developer/Library/Frameworks",
					"$(inherited)",
				);
				INFOPLIST_FILE = ShakeAndSwipeTests/Info.plist;
				LD_RUNPATH_SEARCH_PATHS = "$(inherited) @executable_path/Frameworks @loader_path/Frameworks";
				PRODUCT_NAME = "$(TARGET_NAME)";
				TEST_HOST = "$(BUILT_PRODUCTS_DIR)/ShakeAndSwipe.app/ShakeAndSwipe";
			};
			name = Release;
		};
/* End XCBuildConfiguration section */

/* Begin XCConfigurationList section */
		82CA5CF71B4F653700E5FB2E /* Build configuration list for PBXProject "ShakeAndSwipe" */ = {
			isa = XCConfigurationList;
			buildConfigurations = (
				82CA5D191B4F653700E5FB2E /* Debug */,
				82CA5D1A1B4F653700E5FB2E /* Release */,
			);
			defaultConfigurationIsVisible = 0;
			defaultConfigurationName = Release;
		};
		82CA5D1B1B4F653700E5FB2E /* Build configuration list for PBXNativeTarget "ShakeAndSwipe" */ = {
			isa = XCConfigurationList;
			buildConfigurations = (
				82CA5D1C1B4F653700E5FB2E /* Debug */,
				82CA5D1D1B4F653700E5FB2E /* Release */,
			);
			defaultConfigurationIsVisible = 0;
		};
		82CA5D1E1B4F653700E5FB2E /* Build configuration list for PBXNativeTarget "ShakeAndSwipeTests" */ = {
			isa = XCConfigurationList;
			buildConfigurations = (
				82CA5D1F1B4F653700E5FB2E /* Debug */,
				82CA5D201B4F653700E5FB2E /* Release */,
			);
			defaultConfigurationIsVisible = 0;
		};
/* End XCConfigurationList section */
	};
	rootObject = 82CA5CF41B4F653700E5FB2E /* Project object */;
}
